
Microsoft Visual Studio Solution File, Format Version 12.00
# Visual Studio Version 17
VisualStudioVersion = 17.1.32414.318
MinimumVisualStudioVersion = 10.0.40219.1
Project("{FAE04EC0-301F-11D3-BF4B-00C04F79EFBC}") = "View", "View\View.csproj", "{9FE97A0C-2289-42CD-8876-DC42DA3FA324}"
EndProject
Project("{FAE04EC0-301F-11D3-BF4B-00C04F79EFBC}") = "Model", "Model\Model.csproj", "{A007DA05-98D6-4995-9756-60A72FE8718D}"
EndProject
Project("{FAE04EC0-301F-11D3-BF4B-00C04F79EFBC}") = "Controller", "Controller\Controller.csproj", "{E53990D4-2B93-4E67-9524-1884231AE14C}"
EndProject
Global
	GlobalSection(SolutionConfigurationPlatforms) = preSolution
		Debug|Any CPU = Debug|Any CPU
		Release|Any CPU = Release|Any CPU
	EndGlobalSection
	GlobalSection(ProjectConfigurationPlatforms) = postSolution
		{9FE97A0C-2289-42CD-8876-DC42DA3FA324}.Debug|Any CPU.ActiveCfg = Debug|Any CPU
		{9FE97A0C-2289-42CD-8876-DC42DA3FA324}.Debug|Any CPU.Build.0 = Debug|Any CPU
		{9FE97A0C-2289-42CD-8876-DC42DA3FA324}.Release|Any CPU.ActiveCfg = Release|Any CPU
		{9FE97A0C-2289-42CD-8876-DC42DA3FA324}.Release|Any CPU.Build.0 = Release|Any CPU
		{A007DA05-98D6-4995-9756-60A72FE8718D}.Debug|Any CPU.ActiveCfg = Debug|Any CPU
		{A007DA05-98D6-4995-9756-60A72FE8718D}.Debug|Any CPU.Build.0 = Debug|Any CPU
		{A007DA05-98D6-4995-9756-60A72FE8718D}.Release|Any CPU.ActiveCfg = Release|Any CPU
		{A007DA05-98D6-4995-9756-60A72FE8718D}.Release|Any CPU.Build.0 = Release|Any CPU
		{E53990D4-2B93-4E67-9524-1884231AE14C}.Debug|Any CPU.ActiveCfg = Debug|Any CPU
		{E53990D4-2B93-4E67-9524-1884231AE14C}.Debug|Any CPU.Build.0 = Debug|Any CPU
		{E53990D4-2B93-4E67-9524-1884231AE14C}.Release|Any CPU.ActiveCfg = Release|Any CPU
		{E53990D4-2B93-4E67-9524-1884231AE14C}.Release|Any CPU.Build.0 = Release|Any CPU
	EndGlobalSection
	GlobalSection(SolutionProperties) = preSolution
		HideSolutionNode = FALSE
	EndGlobalSection
	GlobalSection(ExtensibilityGlobals) = postSolution
		SolutionGuid = {F75E29E4-4562-4C9D-B076-86A7604B1857}
	EndGlobalSection
EndGlobal
